// !$*UTF8*$!
{
	archiveVersion = 1;
	classes = {
	};
	objectVersion = 50;
	objects = {

/* Begin PBXBuildFile section */
		2B1FC19A24606F1F008C320B /* AppDelegate.swift in Sources */ = {isa = PBXBuildFile; fileRef = 2B1FC19924606F1F008C320B /* AppDelegate.swift */; };
		2B1FC19C24606F1F008C320B /* ContentView.swift in Sources */ = {isa = PBXBuildFile; fileRef = 2B1FC19B24606F1F008C320B /* ContentView.swift */; };
		2B1FC19E24606F23008C320B /* Assets.xcassets in Resources */ = {isa = PBXBuildFile; fileRef = 2B1FC19D24606F23008C320B /* Assets.xcassets */; };
		2B1FC1A124606F23008C320B /* Preview Assets.xcassets in Resources */ = {isa = PBXBuildFile; fileRef = 2B1FC1A024606F23008C320B /* Preview Assets.xcassets */; };
		2B1FC1A424606F23008C320B /* Main.storyboard in Resources */ = {isa = PBXBuildFile; fileRef = 2B1FC1A224606F23008C320B /* Main.storyboard */; };
		2B1FC1B12460884B008C320B /* LandmarkRow.swift in Sources */ = {isa = PBXBuildFile; fileRef = 2B1FC1B02460884B008C320B /* LandmarkRow.swift */; };
		2BD25A7724608E5F00EE6185 /* Landmark.swift in Sources */ = {isa = PBXBuildFile; fileRef = 2BD25A7624608E5F00EE6185 /* Landmark.swift */; };
		2BD25A7924608EBE00EE6185 /* Data.swift in Sources */ = {isa = PBXBuildFile; fileRef = 2BD25A7824608EBE00EE6185 /* Data.swift */; };
		2BD25A7B24608F0600EE6185 /* Hike.swift in Sources */ = {isa = PBXBuildFile; fileRef = 2BD25A7A24608F0600EE6185 /* Hike.swift */; };
		2BD25A7D24608F6100EE6185 /* Profile.swift in Sources */ = {isa = PBXBuildFile; fileRef = 2BD25A7C24608F6100EE6185 /* Profile.swift */; };
		2BD25A7F24608FA100EE6185 /* UserData.swift in Sources */ = {isa = PBXBuildFile; fileRef = 2BD25A7E24608FA100EE6185 /* UserData.swift */; };
		2BD25A922460911C00EE6185 /* twinlake.jpg in Resources */ = {isa = PBXBuildFile; fileRef = 2BD25A812460911B00EE6185 /* twinlake.jpg */; };
		2BD25A932460911C00EE6185 /* landmarkData.json in Resources */ = {isa = PBXBuildFile; fileRef = 2BD25A822460911B00EE6185 /* landmarkData.json */; };
		2BD25A942460911C00EE6185 /* rainbowlake.jpg in Resources */ = {isa = PBXBuildFile; fileRef = 2BD25A832460911B00EE6185 /* rainbowlake.jpg */; };
		2BD25A952460911C00EE6185 /* icybay.jpg in Resources */ = {isa = PBXBuildFile; fileRef = 2BD25A842460911B00EE6185 /* icybay.jpg */; };
		2BD25A962460911C00EE6185 /* turtlerock.jpg in Resources */ = {isa = PBXBuildFile; fileRef = 2BD25A852460911B00EE6185 /* turtlerock.jpg */; };
		2BD25A972460911C00EE6185 /* chilkoottrail.jpg in Resources */ = {isa = PBXBuildFile; fileRef = 2BD25A862460911B00EE6185 /* chilkoottrail.jpg */; };
		2BD25A982460911C00EE6185 /* silversalmoncreek.jpg in Resources */ = {isa = PBXBuildFile; fileRef = 2BD25A872460911B00EE6185 /* silversalmoncreek.jpg */; };
		2BD25A992460911C00EE6185 /* stmarylake.jpg in Resources */ = {isa = PBXBuildFile; fileRef = 2BD25A882460911C00EE6185 /* stmarylake.jpg */; };
		2BD25A9A2460911C00EE6185 /* charleyrivers_feature.jpg in Resources */ = {isa = PBXBuildFile; fileRef = 2BD25A892460911C00EE6185 /* charleyrivers_feature.jpg */; };
		2BD25A9B2460911C00EE6185 /* hiddenlake.jpg in Resources */ = {isa = PBXBuildFile; fileRef = 2BD25A8A2460911C00EE6185 /* hiddenlake.jpg */; };
		2BD25A9C2460911C00EE6185 /* umbagog.jpg in Resources */ = {isa = PBXBuildFile; fileRef = 2BD25A8B2460911C00EE6185 /* umbagog.jpg */; };
		2BD25A9D2460911C00EE6185 /* turtlerock_feature.jpg in Resources */ = {isa = PBXBuildFile; fileRef = 2BD25A8C2460911C00EE6185 /* turtlerock_feature.jpg */; };
		2BD25A9E2460911C00EE6185 /* lakemcdonald.jpg in Resources */ = {isa = PBXBuildFile; fileRef = 2BD25A8D2460911C00EE6185 /* lakemcdonald.jpg */; };
		2BD25A9F2460911C00EE6185 /* stmarylake_feature.jpg in Resources */ = {isa = PBXBuildFile; fileRef = 2BD25A8E2460911C00EE6185 /* stmarylake_feature.jpg */; };
		2BD25AA02460911C00EE6185 /* charleyrivers.jpg in Resources */ = {isa = PBXBuildFile; fileRef = 2BD25A8F2460911C00EE6185 /* charleyrivers.jpg */; };
		2BD25AA12460911C00EE6185 /* hikeData.json in Resources */ = {isa = PBXBuildFile; fileRef = 2BD25A902460911C00EE6185 /* hikeData.json */; };
		2BD25AA22460911C00EE6185 /* chincoteague.jpg in Resources */ = {isa = PBXBuildFile; fileRef = 2BD25A912460911C00EE6185 /* chincoteague.jpg */; };
/* End PBXBuildFile section */

/* Begin PBXFileReference section */
		2B1FC19624606F1F008C320B /* MacLandmarks.app */ = {isa = PBXFileReference; explicitFileType = wrapper.application; includeInIndex = 0; path = MacLandmarks.app; sourceTree = BUILT_PRODUCTS_DIR; };
		2B1FC19924606F1F008C320B /* AppDelegate.swift */ = {isa = PBXFileReference; lastKnownFileType = sourcecode.swift; path = AppDelegate.swift; sourceTree = "<group>"; };
		2B1FC19B24606F1F008C320B /* ContentView.swift */ = {isa = PBXFileReference; lastKnownFileType = sourcecode.swift; path = ContentView.swift; sourceTree = "<group>"; };
		2B1FC19D24606F23008C320B /* Assets.xcassets */ = {isa = PBXFileReference; lastKnownFileType = folder.assetcatalog; path = Assets.xcassets; sourceTree = "<group>"; };
		2B1FC1A024606F23008C320B /* Preview Assets.xcassets */ = {isa = PBXFileReference; lastKnownFileType = folder.assetcatalog; path = "Preview Assets.xcassets"; sourceTree = "<group>"; };
		2B1FC1A324606F23008C320B /* Base */ = {isa = PBXFileReference; lastKnownFileType = file.storyboard; name = Base; path = Base.lproj/Main.storyboard; sourceTree = "<group>"; };
		2B1FC1A524606F23008C320B /* Info.plist */ = {isa = PBXFileReference; lastKnownFileType = text.plist.xml; path = Info.plist; sourceTree = "<group>"; };
		2B1FC1A624606F23008C320B /* MacLandmarks.entitlements */ = {isa = PBXFileReference; lastKnownFileType = text.plist.entitlements; path = MacLandmarks.entitlements; sourceTree = "<group>"; };
		2B1FC1B02460884B008C320B /* LandmarkRow.swift */ = {isa = PBXFileReference; lastKnownFileType = sourcecode.swift; path = LandmarkRow.swift; sourceTree = "<group>"; };
		2BD25A7624608E5F00EE6185 /* Landmark.swift */ = {isa = PBXFileReference; lastKnownFileType = sourcecode.swift; path = Landmark.swift; sourceTree = "<group>"; };
		2BD25A7824608EBE00EE6185 /* Data.swift */ = {isa = PBXFileReference; lastKnownFileType = sourcecode.swift; path = Data.swift; sourceTree = "<group>"; };
		2BD25A7A24608F0600EE6185 /* Hike.swift */ = {isa = PBXFileReference; lastKnownFileType = sourcecode.swift; path = Hike.swift; sourceTree = "<group>"; };
		2BD25A7C24608F6100EE6185 /* Profile.swift */ = {isa = PBXFileReference; lastKnownFileType = sourcecode.swift; path = Profile.swift; sourceTree = "<group>"; };
		2BD25A7E24608FA100EE6185 /* UserData.swift */ = {isa = PBXFileReference; lastKnownFileType = sourcecode.swift; path = UserData.swift; sourceTree = "<group>"; };
		2BD25A812460911B00EE6185 /* twinlake.jpg */ = {isa = PBXFileReference; lastKnownFileType = image.jpeg; path = twinlake.jpg; sourceTree = "<group>"; };
		2BD25A822460911B00EE6185 /* landmarkData.json */ = {isa = PBXFileReference; fileEncoding = 4; lastKnownFileType = text.json; path = landmarkData.json; sourceTree = "<group>"; };
		2BD25A832460911B00EE6185 /* rainbowlake.jpg */ = {isa = PBXFileReference; lastKnownFileType = image.jpeg; path = rainbowlake.jpg; sourceTree = "<group>"; };
		2BD25A842460911B00EE6185 /* icybay.jpg */ = {isa = PBXFileReference; lastKnownFileType = image.jpeg; path = icybay.jpg; sourceTree = "<group>"; };
		2BD25A852460911B00EE6185 /* turtlerock.jpg */ = {isa = PBXFileReference; lastKnownFileType = image.jpeg; path = turtlerock.jpg; sourceTree = "<group>"; };
		2BD25A862460911B00EE6185 /* chilkoottrail.jpg */ = {isa = PBXFileReference; lastKnownFileType = image.jpeg; path = chilkoottrail.jpg; sourceTree = "<group>"; };
		2BD25A872460911B00EE6185 /* silversalmoncreek.jpg */ = {isa = PBXFileReference; lastKnownFileType = image.jpeg; path = silversalmoncreek.jpg; sourceTree = "<group>"; };
		2BD25A882460911C00EE6185 /* stmarylake.jpg */ = {isa = PBXFileReference; lastKnownFileType = image.jpeg; path = stmarylake.jpg; sourceTree = "<group>"; };
		2BD25A892460911C00EE6185 /* charleyrivers_feature.jpg */ = {isa = PBXFileReference; lastKnownFileType = image.jpeg; path = charleyrivers_feature.jpg; sourceTree = "<group>"; };
		2BD25A8A2460911C00EE6185 /* hiddenlake.jpg */ = {isa = PBXFileReference; lastKnownFileType = image.jpeg; path = hiddenlake.jpg; sourceTree = "<group>"; };
		2BD25A8B2460911C00EE6185 /* umbagog.jpg */ = {isa = PBXFileReference; lastKnownFileType = image.jpeg; path = umbagog.jpg; sourceTree = "<group>"; };
		2BD25A8C2460911C00EE6185 /* turtlerock_feature.jpg */ = {isa = PBXFileReference; lastKnownFileType = image.jpeg; path = turtlerock_feature.jpg; sourceTree = "<group>"; };
		2BD25A8D2460911C00EE6185 /* lakemcdonald.jpg */ = {isa = PBXFileReference; lastKnownFileType = image.jpeg; path = lakemcdonald.jpg; sourceTree = "<group>"; };
		2BD25A8E2460911C00EE6185 /* stmarylake_feature.jpg */ = {isa = PBXFileReference; lastKnownFileType = image.jpeg; path = stmarylake_feature.jpg; sourceTree = "<group>"; };
		2BD25A8F2460911C00EE6185 /* charleyrivers.jpg */ = {isa = PBXFileReference; lastKnownFileType = image.jpeg; path = charleyrivers.jpg; sourceTree = "<group>"; };
		2BD25A902460911C00EE6185 /* hikeData.json */ = {isa = PBXFileReference; fileEncoding = 4; lastKnownFileType = text.json; path = hikeData.json; sourceTree = "<group>"; };
		2BD25A912460911C00EE6185 /* chincoteague.jpg */ = {isa = PBXFileReference; lastKnownFileType = image.jpeg; path = chincoteague.jpg; sourceTree = "<group>"; };
/* End PBXFileReference section */

/* Begin PBXFrameworksBuildPhase section */
		2B1FC19324606F1F008C320B /* Frameworks */ = {
			isa = PBXFrameworksBuildPhase;
			buildActionMask = 2147483647;
			files = (
			);
			runOnlyForDeploymentPostprocessing = 0;
		};
/* End PBXFrameworksBuildPhase section */

/* Begin PBXGroup section */
		2B1FC18D24606F1F008C320B = {
			isa = PBXGroup;
			children = (
				2B1FC19824606F1F008C320B /* MacLandmarks */,
				2B1FC19724606F1F008C320B /* Products */,
			);
			sourceTree = "<group>";
		};
		2B1FC19724606F1F008C320B /* Products */ = {
			isa = PBXGroup;
			children = (
				2B1FC19624606F1F008C320B /* MacLandmarks.app */,
			);
			name = Products;
			sourceTree = "<group>";
		};
		2B1FC19824606F1F008C320B /* MacLandmarks */ = {
			isa = PBXGroup;
			children = (
				2B1FC19924606F1F008C320B /* AppDelegate.swift */,
				2B1FC19B24606F1F008C320B /* ContentView.swift */,
				2B1FC1B02460884B008C320B /* LandmarkRow.swift */,
				2BD25A802460902E00EE6185 /* Models */,
				2BD25AA32460912700EE6185 /* Resources */,
				2B1FC19D24606F23008C320B /* Assets.xcassets */,
				2B1FC1A224606F23008C320B /* Main.storyboard */,
				2B1FC1A524606F23008C320B /* Info.plist */,
				2B1FC1A624606F23008C320B /* MacLandmarks.entitlements */,
				2B1FC19F24606F23008C320B /* Preview Content */,
			);
			path = MacLandmarks;
			sourceTree = "<group>";
		};
		2B1FC19F24606F23008C320B /* Preview Content */ = {
			isa = PBXGroup;
			children = (
				2B1FC1A024606F23008C320B /* Preview Assets.xcassets */,
			);
			path = "Preview Content";
			sourceTree = "<group>";
		};
		2BD25A802460902E00EE6185 /* Models */ = {
			isa = PBXGroup;
			children = (
				2BD25A7824608EBE00EE6185 /* Data.swift */,
				2BD25A7A24608F0600EE6185 /* Hike.swift */,
				2BD25A7C24608F6100EE6185 /* Profile.swift */,
				2BD25A7624608E5F00EE6185 /* Landmark.swift */,
				2BD25A7E24608FA100EE6185 /* UserData.swift */,
			);
			path = Models;
			sourceTree = "<group>";
		};
		2BD25AA32460912700EE6185 /* Resources */ = {
			isa = PBXGroup;
			children = (
				2BD25A892460911C00EE6185 /* charleyrivers_feature.jpg */,
				2BD25A8F2460911C00EE6185 /* charleyrivers.jpg */,
				2BD25A862460911B00EE6185 /* chilkoottrail.jpg */,
				2BD25A912460911C00EE6185 /* chincoteague.jpg */,
				2BD25A8A2460911C00EE6185 /* hiddenlake.jpg */,
				2BD25A902460911C00EE6185 /* hikeData.json */,
				2BD25A842460911B00EE6185 /* icybay.jpg */,
				2BD25A8D2460911C00EE6185 /* lakemcdonald.jpg */,
				2BD25A822460911B00EE6185 /* landmarkData.json */,
				2BD25A832460911B00EE6185 /* rainbowlake.jpg */,
				2BD25A872460911B00EE6185 /* silversalmoncreek.jpg */,
				2BD25A8E2460911C00EE6185 /* stmarylake_feature.jpg */,
				2BD25A882460911C00EE6185 /* stmarylake.jpg */,
				2BD25A8C2460911C00EE6185 /* turtlerock_feature.jpg */,
				2BD25A852460911B00EE6185 /* turtlerock.jpg */,
				2BD25A812460911B00EE6185 /* twinlake.jpg */,
				2BD25A8B2460911C00EE6185 /* umbagog.jpg */,
			);
			path = Resources;
			sourceTree = "<group>";
		};
/* End PBXGroup section */

/* Begin PBXNativeTarget section */
		2B1FC19524606F1F008C320B /* MacLandmarks */ = {
			isa = PBXNativeTarget;
			buildConfigurationList = 2B1FC1A924606F23008C320B /* Build configuration list for PBXNativeTarget "MacLandmarks" */;
			buildPhases = (
				2B1FC19224606F1F008C320B /* Sources */,
				2B1FC19324606F1F008C320B /* Frameworks */,
				2B1FC19424606F1F008C320B /* Resources */,
			);
			buildRules = (
			);
			dependencies = (
			);
			name = MacLandmarks;
			productName = MacLandmarks;
			productReference = 2B1FC19624606F1F008C320B /* MacLandmarks.app */;
			productType = "com.apple.product-type.application";
		};
/* End PBXNativeTarget section */

/* Begin PBXProject section */
		2B1FC18E24606F1F008C320B /* Project object */ = {
			isa = PBXProject;
			attributes = {
				LastSwiftUpdateCheck = 1120;
				LastUpgradeCheck = 1120;
				ORGANIZATIONNAME = "Chidinma Umenwofor-Nweze";
				TargetAttributes = {
					2B1FC19524606F1F008C320B = {
						CreatedOnToolsVersion = 11.2;
					};
				};
			};
			buildConfigurationList = 2B1FC19124606F1F008C320B /* Build configuration list for PBXProject "MacLandmarks" */;
			compatibilityVersion = "Xcode 9.3";
			developmentRegion = en;
			hasScannedForEncodings = 0;
			knownRegions = (
				en,
				Base,
			);
			mainGroup = 2B1FC18D24606F1F008C320B;
			productRefGroup = 2B1FC19724606F1F008C320B /* Products */;
			projectDirPath = "";
			projectRoot = "";
			targets = (
				2B1FC19524606F1F008C320B /* MacLandmarks */,
			);
		};
/* End PBXProject section */

/* Begin PBXResourcesBuildPhase section */
		2B1FC19424606F1F008C320B /* Resources */ = {
			isa = PBXResourcesBuildPhase;
			buildActionMask = 2147483647;
			files = (
				2BD25A942460911C00EE6185 /* rainbowlake.jpg in Resources */,
				2B1FC1A424606F23008C320B /* Main.storyboard in Resources */,
				2BD25A962460911C00EE6185 /* turtlerock.jpg in Resources */,
				2BD25AA22460911C00EE6185 /* chincoteague.jpg in Resources */,
				2BD25A9F2460911C00EE6185 /* stmarylake_feature.jpg in Resources */,
				2BD25AA12460911C00EE6185 /* hikeData.json in Resources */,
				2BD25A972460911C00EE6185 /* chilkoottrail.jpg in Resources */,
				2BD25A952460911C00EE6185 /* icybay.jpg in Resources */,
				2BD25A922460911C00EE6185 /* twinlake.jpg in Resources */,
				2BD25A9B2460911C00EE6185 /* hiddenlake.jpg in Resources */,
				2BD25AA02460911C00EE6185 /* charleyrivers.jpg in Resources */,
				2BD25A992460911C00EE6185 /* stmarylake.jpg in Resources */,
				2B1FC1A124606F23008C320B /* Preview Assets.xcassets in Resources */,
				2BD25A9C2460911C00EE6185 /* umbagog.jpg in Resources */,
				2B1FC19E24606F23008C320B /* Assets.xcassets in Resources */,
				2BD25A9A2460911C00EE6185 /* charleyrivers_feature.jpg in Resources */,
				2BD25A982460911C00EE6185 /* silversalmoncreek.jpg in Resources */,
				2BD25A9E2460911C00EE6185 /* lakemcdonald.jpg in Resources */,
				2BD25A932460911C00EE6185 /* landmarkData.json in Resources */,
				2BD25A9D2460911C00EE6185 /* turtlerock_feature.jpg in Resources */,
			);
			runOnlyForDeploymentPostprocessing = 0;
		};
/* End PBXResourcesBuildPhase section */

/* Begin PBXSourcesBuildPhase section */
		2B1FC19224606F1F008C320B /* Sources */ = {
			isa = PBXSourcesBuildPhase;
			buildActionMask = 2147483647;
			files = (
				2BD25A7B24608F0600EE6185 /* Hike.swift in Sources */,
				2B1FC19C24606F1F008C320B /* ContentView.swift in Sources */,
				2BD25A7F24608FA100EE6185 /* UserData.swift in Sources */,
				2BD25A7924608EBE00EE6185 /* Data.swift in Sources */,
				2BD25A7D24608F6100EE6185 /* Profile.swift in Sources */,
				2B1FC19A24606F1F008C320B /* AppDelegate.swift in Sources */,
				2B1FC1B12460884B008C320B /* LandmarkRow.swift in Sources */,
				2BD25A7724608E5F00EE6185 /* Landmark.swift in Sources */,
			);
			runOnlyForDeploymentPostprocessing = 0;
		};
/* End PBXSourcesBuildPhase section */

/* Begin PBXVariantGroup section */
		2B1FC1A224606F23008C320B /* Main.storyboard */ = {
			isa = PBXVariantGroup;
			children = (
				2B1FC1A324606F23008C320B /* Base */,
			);
			name = Main.storyboard;
			sourceTree = "<group>";
		};
/* End PBXVariantGroup section */

/* Begin XCBuildConfiguration section */
		2B1FC1A724606F23008C320B /* Debug */ = {
			isa = XCBuildConfiguration;
			buildSettings = {
				ALWAYS_SEARCH_USER_PATHS = NO;
				CLANG_ANALYZER_NONNULL = YES;
				CLANG_ANALYZER_NUMBER_OBJECT_CONVERSION = YES_AGGRESSIVE;
				CLANG_CXX_LANGUAGE_STANDARD = "gnu++14";
				CLANG_CXX_LIBRARY = "libc++";
				CLANG_ENABLE_MODULES = YES;
				CLANG_ENABLE_OBJC_ARC = YES;
				CLANG_ENABLE_OBJC_WEAK = YES;
				CLANG_WARN_BLOCK_CAPTURE_AUTORELEASING = YES;
				CLANG_WARN_BOOL_CONVERSION = YES;
				CLANG_WARN_COMMA = YES;
				CLANG_WARN_CONSTANT_CONVERSION = YES;
				CLANG_WARN_DEPRECATED_OBJC_IMPLEMENTATIONS = YES;
				CLANG_WARN_DIRECT_OBJC_ISA_USAGE = YES_ERROR;
				CLANG_WARN_DOCUMENTATION_COMMENTS = YES;
				CLANG_WARN_EMPTY_BODY = YES;
				CLANG_WARN_ENUM_CONVERSION = YES;
				CLANG_WARN_INFINITE_RECURSION = YES;
				CLANG_WARN_INT_CONVERSION = YES;
				CLANG_WARN_NON_LITERAL_NULL_CONVERSION = YES;
				CLANG_WARN_OBJC_IMPLICIT_RETAIN_SELF = YES;
				CLANG_WARN_OBJC_LITERAL_CONVERSION = YES;
				CLANG_WARN_OBJC_ROOT_CLASS = YES_ERROR;
				CLANG_WARN_RANGE_LOOP_ANALYSIS = YES;
				CLANG_WARN_STRICT_PROTOTYPES = YES;
				CLANG_WARN_SUSPICIOUS_MOVE = YES;
				CLANG_WARN_UNGUARDED_AVAILABILITY = YES_AGGRESSIVE;
				CLANG_WARN_UNREACHABLE_CODE = YES;
				CLANG_WARN__DUPLICATE_METHOD_MATCH = YES;
				COPY_PHASE_STRIP = NO;
				DEBUG_INFORMATION_FORMAT = dwarf;
				ENABLE_STRICT_OBJC_MSGSEND = YES;
				ENABLE_TESTABILITY = YES;
				GCC_C_LANGUAGE_STANDARD = gnu11;
				GCC_DYNAMIC_NO_PIC = NO;
				GCC_NO_COMMON_BLOCKS = YES;
				GCC_OPTIMIZATION_LEVEL = 0;
				GCC_PREPROCESSOR_DEFINITIONS = (
					"DEBUG=1",
					"$(inherited)",
				);
				GCC_WARN_64_TO_32_BIT_CONVERSION = YES;
				GCC_WARN_ABOUT_RETURN_TYPE = YES_ERROR;
				GCC_WARN_UNDECLARED_SELECTOR = YES;
				GCC_WARN_UNINITIALIZED_AUTOS = YES_AGGRESSIVE;
				GCC_WARN_UNUSED_FUNCTION = YES;
				GCC_WARN_UNUSED_VARIABLE = YES;
				MACOSX_DEPLOYMENT_TARGET = 10.15;
				MTL_ENABLE_DEBUG_INFO = INCLUDE_SOURCE;
				MTL_FAST_MATH = YES;
				ONLY_ACTIVE_ARCH = YES;
				SDKROOT = macosx;
				SWIFT_ACTIVE_COMPILATION_CONDITIONS = DEBUG;
				SWIFT_OPTIMIZATION_LEVEL = "-Onone";
			};
			name = Debug;
		};
		2B1FC1A824606F23008C320B /* Release */ = {
			isa = XCBuildConfiguration;
			buildSettings = {
				ALWAYS_SEARCH_USER_PATHS = NO;
				CLANG_ANALYZER_NONNULL = YES;
				CLANG_ANALYZER_NUMBER_OBJECT_CONVERSION = YES_AGGRESSIVE;
				CLANG_CXX_LANGUAGE_STANDARD = "gnu++14";
				CLANG_CXX_LIBRARY = "libc++";
				CLANG_ENABLE_MODULES = YES;
				CLANG_ENABLE_OBJC_ARC = YES;
				CLANG_ENABLE_OBJC_WEAK = YES;
				CLANG_WARN_BLOCK_CAPTURE_AUTORELEASING = YES;
				CLANG_WARN_BOOL_CONVERSION = YES;
				CLANG_WARN_COMMA = YES;
				CLANG_WARN_CONSTANT_CONVERSION = YES;
				CLANG_WARN_DEPRECATED_OBJC_IMPLEMENTATIONS = YES;
				CLANG_WARN_DIRECT_OBJC_ISA_USAGE = YES_ERROR;
				CLANG_WARN_DOCUMENTATION_COMMENTS = YES;
				CLANG_WARN_EMPTY_BODY = YES;
				CLANG_WARN_ENUM_CONVERSION = YES;
				CLANG_WARN_INFINITE_RECURSION = YES;
				CLANG_WARN_INT_CONVERSION = YES;
				CLANG_WARN_NON_LITERAL_NULL_CONVERSION = YES;
				CLANG_WARN_OBJC_IMPLICIT_RETAIN_SELF = YES;
				CLANG_WARN_OBJC_LITERAL_CONVERSION = YES;
				CLANG_WARN_OBJC_ROOT_CLASS = YES_ERROR;
				CLANG_WARN_RANGE_LOOP_ANALYSIS = YES;
				CLANG_WARN_STRICT_PROTOTYPES = YES;
				CLANG_WARN_SUSPICIOUS_MOVE = YES;
				CLANG_WARN_UNGUARDED_AVAILABILITY = YES_AGGRESSIVE;
				CLANG_WARN_UNREACHABLE_CODE = YES;
				CLANG_WARN__DUPLICATE_METHOD_MATCH = YES;
				COPY_PHASE_STRIP = NO;
				DEBUG_INFORMATION_FORMAT = "dwarf-with-dsym";
				ENABLE_NS_ASSERTIONS = NO;
				ENABLE_STRICT_OBJC_MSGSEND = YES;
				GCC_C_LANGUAGE_STANDARD = gnu11;
				GCC_NO_COMMON_BLOCKS = YES;
				GCC_WARN_64_TO_32_BIT_CONVERSION = YES;
				GCC_WARN_ABOUT_RETURN_TYPE = YES_ERROR;
				GCC_WARN_UNDECLARED_SELECTOR = YES;
				GCC_WARN_UNINITIALIZED_AUTOS = YES_AGGRESSIVE;
				GCC_WARN_UNUSED_FUNCTION = YES;
				GCC_WARN_UNUSED_VARIABLE = YES;
				MACOSX_DEPLOYMENT_TARGET = 10.15;
				MTL_ENABLE_DEBUG_INFO = NO;
				MTL_FAST_MATH = YES;
				SDKROOT = macosx;
				SWIFT_COMPILATION_MODE = wholemodule;
				SWIFT_OPTIMIZATION_LEVEL = "-O";
			};
			name = Release;
		};
		2B1FC1AA24606F23008C320B /* Debug */ = {
			isa = XCBuildConfiguration;
			buildSettings = {
				ASSETCATALOG_COMPILER_APPICON_NAME = AppIcon;
				CODE_SIGN_ENTITLEMENTS = MacLandmarks/MacLandmarks.entitlements;
				CODE_SIGN_STYLE = Automatic;
				COMBINE_HIDPI_IMAGES = YES;
				DEVELOPMENT_ASSET_PATHS = "\"MacLandmarks/Preview Content\"";
				DEVELOPMENT_TEAM = C5UWG82W99;
				ENABLE_HARDENED_RUNTIME = YES;
				ENABLE_PREVIEWS = YES;
				INFOPLIST_FILE = MacLandmarks/Info.plist;
				LD_RUNPATH_SEARCH_PATHS = (
					"$(inherited)",
					"@executable_path/../Frameworks",
				);
				MACOSX_DEPLOYMENT_TARGET = 10.15;
				PRODUCT_BUNDLE_IDENTIFIER = com.chidinweze.MacLandmarks;
				PRODUCT_NAME = "$(TARGET_NAME)";
				SWIFT_VERSION = 5.0;
			};
			name = Debug;
		};
		2B1FC1AB24606F23008C320B /* Release */ = {
			isa = XCBuildConfiguration;
			buildSettings = {
				ASSETCATALOG_COMPILER_APPICON_NAME = AppIcon;
				CODE_SIGN_ENTITLEMENTS = MacLandmarks/MacLandmarks.entitlements;
				CODE_SIGN_STYLE = Automatic;
				COMBINE_HIDPI_IMAGES = YES;
				DEVELOPMENT_ASSET_PATHS = "\"MacLandmarks/Preview Content\"";
				DEVELOPMENT_TEAM = C5UWG82W99;
				ENABLE_HARDENED_RUNTIME = YES;
				ENABLE_PREVIEWS = YES;
				INFOPLIST_FILE = MacLandmarks/Info.plist;
				LD_RUNPATH_SEARCH_PATHS = (
					"$(inherited)",
					"@executable_path/../Frameworks",
				);
				MACOSX_DEPLOYMENT_TARGET = 10.15;
				PRODUCT_BUNDLE_IDENTIFIER = com.chidinweze.MacLandmarks;
				PRODUCT_NAME = "$(TARGET_NAME)";
				SWIFT_VERSION = 5.0;
			};
			name = Release;
		};
/* End XCBuildConfiguration section */

/* Begin XCConfigurationList section */
		2B1FC19124606F1F008C320B /* Build configuration list for PBXProject "MacLandmarks" */ = {
			isa = XCConfigurationList;
			buildConfigurations = (
				2B1FC1A724606F23008C320B /* Debug */,
				2B1FC1A824606F23008C320B /* Release */,
			);
			defaultConfigurationIsVisible = 0;
			defaultConfigurationName = Release;
		};
		2B1FC1A924606F23008C320B /* Build configuration list for PBXNativeTarget "MacLandmarks" */ = {
			isa = XCConfigurationList;
			buildConfigurations = (
				2B1FC1AA24606F23008C320B /* Debug */,
				2B1FC1AB24606F23008C320B /* Release */,
			);
			defaultConfigurationIsVisible = 0;
			defaultConfigurationName = Release;
		};
/* End XCConfigurationList section */
	};
	rootObject = 2B1FC18E24606F1F008C320B /* Project object */;
}
